
Microsoft Visual Studio Solution File, Format Version 12.00
# Visual Studio 15
VisualStudioVersion = 15.0.28307.106
MinimumVisualStudioVersion = 10.0.40219.1
Project("{FAE04EC0-301F-11D3-BF4B-00C04F79EFBC}") = "Tema27nov18_ex7-8", "Tema27nov18_ex7-8\Tema27nov18_ex7-8.csproj", "{3EE17202-26CE-40E1-8C81-521AC1153C38}"
EndProject
Global
	GlobalSection(SolutionConfigurationPlatforms) = preSolution
		Debug|Any CPU = Debug|Any CPU
		Release|Any CPU = Release|Any CPU
	EndGlobalSection
	GlobalSection(ProjectConfigurationPlatforms) = postSolution
		{3EE17202-26CE-40E1-8C81-521AC1153C38}.Debug|Any CPU.ActiveCfg = Debug|Any CPU
		{3EE17202-26CE-40E1-8C81-521AC1153C38}.Debug|Any CPU.Build.0 = Debug|Any CPU
		{3EE17202-26CE-40E1-8C81-521AC1153C38}.Release|Any CPU.ActiveCfg = Release|Any CPU
		{3EE17202-26CE-40E1-8C81-521AC1153C38}.Release|Any CPU.Build.0 = Release|Any CPU
	EndGlobalSection
	GlobalSection(SolutionProperties) = preSolution
		HideSolutionNode = FALSE
	EndGlobalSection
	GlobalSection(ExtensibilityGlobals) = postSolution
		SolutionGuid = {56D140D1-4AEB-487B-B81A-4017E4DC736D}
	EndGlobalSection
EndGlobal
